
Microsoft Visual Studio Solution File, Format Version 12.00
# Visual Studio Version 16
VisualStudioVersion = 16.0.30011.22
MinimumVisualStudioVersion = 10.0.40219.1
Project("{FAE04EC0-301F-11D3-BF4B-00C04F79EFBC}") = "Hotbar Randomizer", "Hotbar Randomizer\Hotbar Randomizer.csproj", "{40AAA81A-5692-41B3-BD39-3854E2E4C58B}"
EndProject
Global
	GlobalSection(SolutionConfigurationPlatforms) = preSolution
		Debug|Any CPU = Debug|Any CPU
		Release|Any CPU = Release|Any CPU
	EndGlobalSection
	GlobalSection(ProjectConfigurationPlatforms) = postSolution
		{40AAA81A-5692-41B3-BD39-3854E2E4C58B}.Debug|Any CPU.ActiveCfg = Debug|Any CPU
		{40AAA81A-5692-41B3-BD39-3854E2E4C58B}.Debug|Any CPU.Build.0 = Debug|Any CPU
		{40AAA81A-5692-41B3-BD39-3854E2E4C58B}.Release|Any CPU.ActiveCfg = Release|Any CPU
		{40AAA81A-5692-41B3-BD39-3854E2E4C58B}.Release|Any CPU.Build.0 = Release|Any CPU
	EndGlobalSection
	GlobalSection(SolutionProperties) = preSolution
		HideSolutionNode = FALSE
	EndGlobalSection
	GlobalSection(ExtensibilityGlobals) = postSolution
		SolutionGuid = {AE42EFF8-EF72-4F99-8A06-53E589A484A1}
	EndGlobalSection
EndGlobal
